
Microsoft Visual Studio Solution File, Format Version 12.00
# Visual Studio 2013
VisualStudioVersion = 12.0.40629.0
MinimumVisualStudioVersion = 10.0.40219.1
Project("{8BC9CEB8-8B4A-11D0-8D11-00A0C91BC942}") = "SerialLib", "SerialLib\SerialLib.vcxproj", "{0A58C521-2DF3-407D-B11D-C4F5C411141E}"
EndProject
Project("{FAE04EC0-301F-11D3-BF4B-00C04F79EFBC}") = "csClient", "csClient\csClient.csproj", "{F0E89DBB-9E79-4487-83E4-188F027CB810}"
EndProject
Project("{8BC9CEB8-8B4A-11D0-8D11-00A0C91BC942}") = "CppLib", "CppLib\CppLib.vcxproj", "{8D55F7FB-F496-4CD7-9630-6A21FBB8F884}"
EndProject
Global
	GlobalSection(SolutionConfigurationPlatforms) = preSolution
		Debug|Any CPU = Debug|Any CPU
		Debug|Mixed Platforms = Debug|Mixed Platforms
		Debug|Win32 = Debug|Win32
		Release|Any CPU = Release|Any CPU
		Release|Mixed Platforms = Release|Mixed Platforms
		Release|Win32 = Release|Win32
	EndGlobalSection
	GlobalSection(ProjectConfigurationPlatforms) = postSolution
		{0A58C521-2DF3-407D-B11D-C4F5C411141E}.Debug|Any CPU.ActiveCfg = Debug|Win32
		{0A58C521-2DF3-407D-B11D-C4F5C411141E}.Debug|Mixed Platforms.ActiveCfg = Debug|Win32
		{0A58C521-2DF3-407D-B11D-C4F5C411141E}.Debug|Mixed Platforms.Build.0 = Debug|Win32
		{0A58C521-2DF3-407D-B11D-C4F5C411141E}.Debug|Win32.ActiveCfg = Debug|Win32
		{0A58C521-2DF3-407D-B11D-C4F5C411141E}.Debug|Win32.Build.0 = Debug|Win32
		{0A58C521-2DF3-407D-B11D-C4F5C411141E}.Release|Any CPU.ActiveCfg = Release|Win32
		{0A58C521-2DF3-407D-B11D-C4F5C411141E}.Release|Mixed Platforms.ActiveCfg = Release|Win32
		{0A58C521-2DF3-407D-B11D-C4F5C411141E}.Release|Mixed Platforms.Build.0 = Release|Win32
		{0A58C521-2DF3-407D-B11D-C4F5C411141E}.Release|Win32.ActiveCfg = Release|Win32
		{0A58C521-2DF3-407D-B11D-C4F5C411141E}.Release|Win32.Build.0 = Release|Win32
		{F0E89DBB-9E79-4487-83E4-188F027CB810}.Debug|Any CPU.ActiveCfg = Debug|Any CPU
		{F0E89DBB-9E79-4487-83E4-188F027CB810}.Debug|Any CPU.Build.0 = Debug|Any CPU
		{F0E89DBB-9E79-4487-83E4-188F027CB810}.Debug|Mixed Platforms.ActiveCfg = Debug|Any CPU
		{F0E89DBB-9E79-4487-83E4-188F027CB810}.Debug|Mixed Platforms.Build.0 = Debug|Any CPU
		{F0E89DBB-9E79-4487-83E4-188F027CB810}.Debug|Win32.ActiveCfg = Debug|Any CPU
		{F0E89DBB-9E79-4487-83E4-188F027CB810}.Release|Any CPU.ActiveCfg = Release|Any CPU
		{F0E89DBB-9E79-4487-83E4-188F027CB810}.Release|Any CPU.Build.0 = Release|Any CPU
		{F0E89DBB-9E79-4487-83E4-188F027CB810}.Release|Mixed Platforms.ActiveCfg = Release|Any CPU
		{F0E89DBB-9E79-4487-83E4-188F027CB810}.Release|Mixed Platforms.Build.0 = Release|Any CPU
		{F0E89DBB-9E79-4487-83E4-188F027CB810}.Release|Win32.ActiveCfg = Release|Any CPU
		{8D55F7FB-F496-4CD7-9630-6A21FBB8F884}.Debug|Any CPU.ActiveCfg = Debug|Win32
		{8D55F7FB-F496-4CD7-9630-6A21FBB8F884}.Debug|Mixed Platforms.ActiveCfg = Debug|Win32
		{8D55F7FB-F496-4CD7-9630-6A21FBB8F884}.Debug|Mixed Platforms.Build.0 = Debug|Win32
		{8D55F7FB-F496-4CD7-9630-6A21FBB8F884}.Debug|Win32.ActiveCfg = Debug|Win32
		{8D55F7FB-F496-4CD7-9630-6A21FBB8F884}.Debug|Win32.Build.0 = Debug|Win32
		{8D55F7FB-F496-4CD7-9630-6A21FBB8F884}.Release|Any CPU.ActiveCfg = Release|Win32
		{8D55F7FB-F496-4CD7-9630-6A21FBB8F884}.Release|Mixed Platforms.ActiveCfg = Release|Win32
		{8D55F7FB-F496-4CD7-9630-6A21FBB8F884}.Release|Mixed Platforms.Build.0 = Release|Win32
		{8D55F7FB-F496-4CD7-9630-6A21FBB8F884}.Release|Win32.ActiveCfg = Release|Win32
		{8D55F7FB-F496-4CD7-9630-6A21FBB8F884}.Release|Win32.Build.0 = Release|Win32
	EndGlobalSection
	GlobalSection(SolutionProperties) = preSolution
		HideSolutionNode = FALSE
	EndGlobalSection
EndGlobal
